
Microsoft Visual Studio Solution File, Format Version 11.00
# Visual Studio 2010
Project("{FAE04EC0-301F-11D3-BF4B-00C04F79EFBC}") = "Assembly-CSharp", "Assembly-CSharp.csproj", "{3aee3c6a-d2ed-aef4-eae0-7a3023bf0b15}"
EndProject
Project("{FAE04EC0-301F-11D3-BF4B-00C04F79EFBC}") = "Assembly-CSharp-Editor", "Assembly-CSharp-Editor.csproj", "{8dc3cefc-cb55-6ee3-11e9-bd26dd517822}"
EndProject
Project("{FAE04EC0-301F-11D3-BF4B-00C04F79EFBC}") = "Assembly-CSharp-firstpass", "Assembly-CSharp-firstpass.csproj", "{efd431d2-2053-0943-ed86-b4aa1e1ad4f3}"
EndProject
Global
	GlobalSection(SolutionConfigurationPlatforms) = preSolution
		Debug|Any CPU = Debug|Any CPU
	EndGlobalSection
	GlobalSection(ProjectConfigurationPlatforms) = postSolution
		{3aee3c6a-d2ed-aef4-eae0-7a3023bf0b15}.Debug|Any CPU.ActiveCfg = Debug|Any CPU
		{3aee3c6a-d2ed-aef4-eae0-7a3023bf0b15}.Debug|Any CPU.Build.0 = Debug|Any CPU
		{8dc3cefc-cb55-6ee3-11e9-bd26dd517822}.Debug|Any CPU.ActiveCfg = Debug|Any CPU
		{8dc3cefc-cb55-6ee3-11e9-bd26dd517822}.Debug|Any CPU.Build.0 = Debug|Any CPU
		{efd431d2-2053-0943-ed86-b4aa1e1ad4f3}.Debug|Any CPU.ActiveCfg = Debug|Any CPU
		{efd431d2-2053-0943-ed86-b4aa1e1ad4f3}.Debug|Any CPU.Build.0 = Debug|Any CPU
	EndGlobalSection
	GlobalSection(SolutionProperties) = preSolution
		HideSolutionNode = FALSE
	EndGlobalSection
EndGlobal
